// !$*UTF8*$!
{
	archiveVersion = 1;
	classes = {
	};
	objectVersion = 46;
	objects = {

/* Begin PBXBuildFile section */
		7F1EC9091C75EB6B00B3945C /* main.m in Sources */ = {isa = PBXBuildFile; fileRef = 7F1EC9081C75EB6B00B3945C /* main.m */; };
		7F1EC90C1C75EB6B00B3945C /* AppDelegate.m in Sources */ = {isa = PBXBuildFile; fileRef = 7F1EC90B1C75EB6B00B3945C /* AppDelegate.m */; };
		7F1EC90F1C75EB6B00B3945C /* ViewController.m in Sources */ = {isa = PBXBuildFile; fileRef = 7F1EC90E1C75EB6B00B3945C /* ViewController.m */; };
		7F1EC9121C75EB6B00B3945C /* Main.storyboard in Resources */ = {isa = PBXBuildFile; fileRef = 7F1EC9101C75EB6B00B3945C /* Main.storyboard */; };
		7F1EC9151C75EB6B00B3945C /* tic_tac_tejas.xcdatamodeld in Sources */ = {isa = PBXBuildFile; fileRef = 7F1EC9131C75EB6B00B3945C /* tic_tac_tejas.xcdatamodeld */; };
		7F1EC9171C75EB6B00B3945C /* Assets.xcassets in Resources */ = {isa = PBXBuildFile; fileRef = 7F1EC9161C75EB6B00B3945C /* Assets.xcassets */; };
		7F1EC91A1C75EB6B00B3945C /* LaunchScreen.storyboard in Resources */ = {isa = PBXBuildFile; fileRef = 7F1EC9181C75EB6B00B3945C /* LaunchScreen.storyboard */; };
		7F1EC9221C75EC7800B3945C /* nought.png in Resources */ = {isa = PBXBuildFile; fileRef = 7F1EC9211C75EC7800B3945C /* nought.png */; };
		7F1EC9241C75ECEB00B3945C /* board.png in Resources */ = {isa = PBXBuildFile; fileRef = 7F1EC9231C75ECEB00B3945C /* board.png */; };
		7F1EC9261C75ECFB00B3945C /* cross.png in Resources */ = {isa = PBXBuildFile; fileRef = 7F1EC9251C75ECFB00B3945C /* cross.png */; };
/* End PBXBuildFile section */

/* Begin PBXFileReference section */
		7F1EC9041C75EB6B00B3945C /* tic tac tejas.app */ = {isa = PBXFileReference; explicitFileType = wrapper.application; includeInIndex = 0; path = "tic tac tejas.app"; sourceTree = BUILT_PRODUCTS_DIR; };
		7F1EC9081C75EB6B00B3945C /* main.m */ = {isa = PBXFileReference; lastKnownFileType = sourcecode.c.objc; path = main.m; sourceTree = "<group>"; };
		7F1EC90A1C75EB6B00B3945C /* AppDelegate.h */ = {isa = PBXFileReference; lastKnownFileType = sourcecode.c.h; path = AppDelegate.h; sourceTree = "<group>"; };
		7F1EC90B1C75EB6B00B3945C /* AppDelegate.m */ = {isa = PBXFileReference; lastKnownFileType = sourcecode.c.objc; path = AppDelegate.m; sourceTree = "<group>"; };
		7F1EC90D1C75EB6B00B3945C /* ViewController.h */ = {isa = PBXFileReference; lastKnownFileType = sourcecode.c.h; path = ViewController.h; sourceTree = "<group>"; };
		7F1EC90E1C75EB6B00B3945C /* ViewController.m */ = {isa = PBXFileReference; lastKnownFileType = sourcecode.c.objc; path = ViewController.m; sourceTree = "<group>"; };
		7F1EC9111C75EB6B00B3945C /* Base */ = {isa = PBXFileReference; lastKnownFileType = file.storyboard; name = Base; path = Base.lproj/Main.storyboard; sourceTree = "<group>"; };
		7F1EC9141C75EB6B00B3945C /* tic_tac_tejas.xcdatamodel */ = {isa = PBXFileReference; lastKnownFileType = wrapper.xcdatamodel; path = tic_tac_tejas.xcdatamodel; sourceTree = "<group>"; };
		7F1EC9161C75EB6B00B3945C /* Assets.xcassets */ = {isa = PBXFileReference; lastKnownFileType = folder.assetcatalog; path = Assets.xcassets; sourceTree = "<group>"; };
		7F1EC9191C75EB6B00B3945C /* Base */ = {isa = PBXFileReference; lastKnownFileType = file.storyboard; name = Base; path = Base.lproj/LaunchScreen.storyboard; sourceTree = "<group>"; };
		7F1EC91B1C75EB6B00B3945C /* Info.plist */ = {isa = PBXFileReference; lastKnownFileType = text.plist.xml; path = Info.plist; sourceTree = "<group>"; };
		7F1EC9211C75EC7800B3945C /* nought.png */ = {isa = PBXFileReference; lastKnownFileType = image.png; path = nought.png; sourceTree = "<group>"; };
		7F1EC9231C75ECEB00B3945C /* board.png */ = {isa = PBXFileReference; lastKnownFileType = image.png; path = board.png; sourceTree = "<group>"; };
		7F1EC9251C75ECFB00B3945C /* cross.png */ = {isa = PBXFileReference; lastKnownFileType = image.png; path = cross.png; sourceTree = "<group>"; };
/* End PBXFileReference section */

/* Begin PBXFrameworksBuildPhase section */
		7F1EC9011C75EB6B00B3945C /* Frameworks */ = {
			isa = PBXFrameworksBuildPhase;
			buildActionMask = 2147483647;
			files = (
			);
			runOnlyForDeploymentPostprocessing = 0;
		};
/* End PBXFrameworksBuildPhase section */

/* Begin PBXGroup section */
		7F1EC8FB1C75EB6B00B3945C = {
			isa = PBXGroup;
			children = (
				7F1EC9061C75EB6B00B3945C /* tic tac tejas */,
				7F1EC9051C75EB6B00B3945C /* Products */,
			);
			sourceTree = "<group>";
		};
		7F1EC9051C75EB6B00B3945C /* Products */ = {
			isa = PBXGroup;
			children = (
				7F1EC9041C75EB6B00B3945C /* tic tac tejas.app */,
			);
			name = Products;
			sourceTree = "<group>";
		};
		7F1EC9061C75EB6B00B3945C /* tic tac tejas */ = {
			isa = PBXGroup;
			children = (
				7F1EC9251C75ECFB00B3945C /* cross.png */,
				7F1EC9231C75ECEB00B3945C /* board.png */,
				7F1EC9211C75EC7800B3945C /* nought.png */,
				7F1EC90A1C75EB6B00B3945C /* AppDelegate.h */,
				7F1EC90B1C75EB6B00B3945C /* AppDelegate.m */,
				7F1EC90D1C75EB6B00B3945C /* ViewController.h */,
				7F1EC90E1C75EB6B00B3945C /* ViewController.m */,
				7F1EC9101C75EB6B00B3945C /* Main.storyboard */,
				7F1EC9161C75EB6B00B3945C /* Assets.xcassets */,
				7F1EC9181C75EB6B00B3945C /* LaunchScreen.storyboard */,
				7F1EC91B1C75EB6B00B3945C /* Info.plist */,
				7F1EC9131C75EB6B00B3945C /* tic_tac_tejas.xcdatamodeld */,
				7F1EC9071C75EB6B00B3945C /* Supporting Files */,
			);
			path = "tic tac tejas";
			sourceTree = "<group>";
		};
		7F1EC9071C75EB6B00B3945C /* Supporting Files */ = {
			isa = PBXGroup;
			children = (
				7F1EC9081C75EB6B00B3945C /* main.m */,
			);
			name = "Supporting Files";
			sourceTree = "<group>";
		};
/* End PBXGroup section */

/* Begin PBXNativeTarget section */
		7F1EC9031C75EB6B00B3945C /* tic tac tejas */ = {
			isa = PBXNativeTarget;
			buildConfigurationList = 7F1EC91E1C75EB6B00B3945C /* Build configuration list for PBXNativeTarget "tic tac tejas" */;
			buildPhases = (
				7F1EC9001C75EB6B00B3945C /* Sources */,
				7F1EC9011C75EB6B00B3945C /* Frameworks */,
				7F1EC9021C75EB6B00B3945C /* Resources */,
			);
			buildRules = (
			);
			dependencies = (
			);
			name = "tic tac tejas";
			productName = "tic tac tejas";
			productReference = 7F1EC9041C75EB6B00B3945C /* tic tac tejas.app */;
			productType = "com.apple.product-type.application";
		};
/* End PBXNativeTarget section */

/* Begin PBXProject section */
		7F1EC8FC1C75EB6B00B3945C /* Project object */ = {
			isa = PBXProject;
			attributes = {
				LastUpgradeCheck = 0720;
				ORGANIZATIONNAME = Felix;
				TargetAttributes = {
					7F1EC9031C75EB6B00B3945C = {
						CreatedOnToolsVersion = 7.2;
					};
				};
			};
			buildConfigurationList = 7F1EC8FF1C75EB6B00B3945C /* Build configuration list for PBXProject "tic tac tejas" */;
			compatibilityVersion = "Xcode 3.2";
			developmentRegion = English;
			hasScannedForEncodings = 0;
			knownRegions = (
				en,
				Base,
			);
			mainGroup = 7F1EC8FB1C75EB6B00B3945C;
			productRefGroup = 7F1EC9051C75EB6B00B3945C /* Products */;
			projectDirPath = "";
			projectRoot = "";
			targets = (
				7F1EC9031C75EB6B00B3945C /* tic tac tejas */,
			);
		};
/* End PBXProject section */

/* Begin PBXResourcesBuildPhase section */
		7F1EC9021C75EB6B00B3945C /* Resources */ = {
			isa = PBXResourcesBuildPhase;
			buildActionMask = 2147483647;
			files = (
				7F1EC9261C75ECFB00B3945C /* cross.png in Resources */,
				7F1EC91A1C75EB6B00B3945C /* LaunchScreen.storyboard in Resources */,
				7F1EC9171C75EB6B00B3945C /* Assets.xcassets in Resources */,
				7F1EC9221C75EC7800B3945C /* nought.png in Resources */,
				7F1EC9241C75ECEB00B3945C /* board.png in Resources */,
				7F1EC9121C75EB6B00B3945C /* Main.storyboard in Resources */,
			);
			runOnlyForDeploymentPostprocessing = 0;
		};
/* End PBXResourcesBuildPhase section */

/* Begin PBXSourcesBuildPhase section */
		7F1EC9001C75EB6B00B3945C /* Sources */ = {
			isa = PBXSourcesBuildPhase;
			buildActionMask = 2147483647;
			files = (
				7F1EC90F1C75EB6B00B3945C /* ViewController.m in Sources */,
				7F1EC90C1C75EB6B00B3945C /* AppDelegate.m in Sources */,
				7F1EC9091C75EB6B00B3945C /* main.m in Sources */,
				7F1EC9151C75EB6B00B3945C /* tic_tac_tejas.xcdatamodeld in Sources */,
			);
			runOnlyForDeploymentPostprocessing = 0;
		};
/* End PBXSourcesBuildPhase section */

/* Begin PBXVariantGroup section */
		7F1EC9101C75EB6B00B3945C /* Main.storyboard */ = {
			isa = PBXVariantGroup;
			children = (
				7F1EC9111C75EB6B00B3945C /* Base */,
			);
			name = Main.storyboard;
			sourceTree = "<group>";
		};
		7F1EC9181C75EB6B00B3945C /* LaunchScreen.storyboard */ = {
			isa = PBXVariantGroup;
			children = (
				7F1EC9191C75EB6B00B3945C /* Base */,
			);
			name = LaunchScreen.storyboard;
			sourceTree = "<group>";
		};
/* End PBXVariantGroup section */

/* Begin XCBuildConfiguration section */
		7F1EC91C1C75EB6B00B3945C /* Debug */ = {
			isa = XCBuildConfiguration;
			buildSettings = {
				ALWAYS_SEARCH_USER_PATHS = NO;
				CLANG_CXX_LANGUAGE_STANDARD = "gnu++0x";
				CLANG_CXX_LIBRARY = "libc++";
				CLANG_ENABLE_MODULES = YES;
				CLANG_ENABLE_OBJC_ARC = YES;
				CLANG_WARN_BOOL_CONVERSION = YES;
				CLANG_WARN_CONSTANT_CONVERSION = YES;
				CLANG_WARN_DIRECT_OBJC_ISA_USAGE = YES_ERROR;
				CLANG_WARN_EMPTY_BODY = YES;
				CLANG_WARN_ENUM_CONVERSION = YES;
				CLANG_WARN_INT_CONVERSION = YES;
				CLANG_WARN_OBJC_ROOT_CLASS = YES_ERROR;
				CLANG_WARN_UNREACHABLE_CODE = YES;
				CLANG_WARN__DUPLICATE_METHOD_MATCH = YES;
				"CODE_SIGN_IDENTITY[sdk=iphoneos*]" = "iPhone Developer";
				COPY_PHASE_STRIP = NO;
				DEBUG_INFORMATION_FORMAT = dwarf;
				ENABLE_STRICT_OBJC_MSGSEND = YES;
				ENABLE_TESTABILITY = YES;
				GCC_C_LANGUAGE_STANDARD = gnu99;
				GCC_DYNAMIC_NO_PIC = NO;
				GCC_NO_COMMON_BLOCKS = YES;
				GCC_OPTIMIZATION_LEVEL = 0;
				GCC_PREPROCESSOR_DEFINITIONS = (
					"DEBUG=1",
					"$(inherited)",
				);
				GCC_WARN_64_TO_32_BIT_CONVERSION = YES;
				GCC_WARN_ABOUT_RETURN_TYPE = YES_ERROR;
				GCC_WARN_UNDECLARED_SELECTOR = YES;
				GCC_WARN_UNINITIALIZED_AUTOS = YES_AGGRESSIVE;
				GCC_WARN_UNUSED_FUNCTION = YES;
				GCC_WARN_UNUSED_VARIABLE = YES;
				IPHONEOS_DEPLOYMENT_TARGET = 9.2;
				MTL_ENABLE_DEBUG_INFO = YES;
				ONLY_ACTIVE_ARCH = YES;
				SDKROOT = iphoneos;
				TARGETED_DEVICE_FAMILY = "1,2";
			};
			name = Debug;
		};
		7F1EC91D1C75EB6B00B3945C /* Release */ = {
			isa = XCBuildConfiguration;
			buildSettings = {
				ALWAYS_SEARCH_USER_PATHS = NO;
				CLANG_CXX_LANGUAGE_STANDARD = "gnu++0x";
				CLANG_CXX_LIBRARY = "libc++";
				CLANG_ENABLE_MODULES = YES;
				CLANG_ENABLE_OBJC_ARC = YES;
				CLANG_WARN_BOOL_CONVERSION = YES;
				CLANG_WARN_CONSTANT_CONVERSION = YES;
				CLANG_WARN_DIRECT_OBJC_ISA_USAGE = YES_ERROR;
				CLANG_WARN_EMPTY_BODY = YES;
				CLANG_WARN_ENUM_CONVERSION = YES;
				CLANG_WARN_INT_CONVERSION = YES;
				CLANG_WARN_OBJC_ROOT_CLASS = YES_ERROR;
				CLANG_WARN_UNREACHABLE_CODE = YES;
				CLANG_WARN__DUPLICATE_METHOD_MATCH = YES;
				"CODE_SIGN_IDENTITY[sdk=iphoneos*]" = "iPhone Developer";
				COPY_PHASE_STRIP = NO;
				DEBUG_INFORMATION_FORMAT = "dwarf-with-dsym";
				ENABLE_NS_ASSERTIONS = NO;
				ENABLE_STRICT_OBJC_MSGSEND = YES;
				GCC_C_LANGUAGE_STANDARD = gnu99;
				GCC_NO_COMMON_BLOCKS = YES;
				GCC_WARN_64_TO_32_BIT_CONVERSION = YES;
				GCC_WARN_ABOUT_RETURN_TYPE = YES_ERROR;
				GCC_WARN_UNDECLARED_SELECTOR = YES;
				GCC_WARN_UNINITIALIZED_AUTOS = YES_AGGRESSIVE;
				GCC_WARN_UNUSED_FUNCTION = YES;
				GCC_WARN_UNUSED_VARIABLE = YES;
				IPHONEOS_DEPLOYMENT_TARGET = 9.2;
				MTL_ENABLE_DEBUG_INFO = NO;
				SDKROOT = iphoneos;
				TARGETED_DEVICE_FAMILY = "1,2";
				VALIDATE_PRODUCT = YES;
			};
			name = Release;
		};
		7F1EC91F1C75EB6B00B3945C /* Debug */ = {
			isa = XCBuildConfiguration;
			buildSettings = {
				ASSETCATALOG_COMPILER_APPICON_NAME = AppIcon;
				INFOPLIST_FILE = "tic tac tejas/Info.plist";
				IPHONEOS_DEPLOYMENT_TARGET = 9.1;
				LD_RUNPATH_SEARCH_PATHS = "$(inherited) @executable_path/Frameworks";
				PRODUCT_BUNDLE_IDENTIFIER = "felix-it.tic-tac-tejas";
				PRODUCT_NAME = "$(TARGET_NAME)";
			};
			name = Debug;
		};
		7F1EC9201C75EB6B00B3945C /* Release */ = {
			isa = XCBuildConfiguration;
			buildSettings = {
				ASSETCATALOG_COMPILER_APPICON_NAME = AppIcon;
				INFOPLIST_FILE = "tic tac tejas/Info.plist";
				IPHONEOS_DEPLOYMENT_TARGET = 9.1;
				LD_RUNPATH_SEARCH_PATHS = "$(inherited) @executable_path/Frameworks";
				PRODUCT_BUNDLE_IDENTIFIER = "felix-it.tic-tac-tejas";
				PRODUCT_NAME = "$(TARGET_NAME)";
			};
			name = Release;
		};
/* End XCBuildConfiguration section */

/* Begin XCConfigurationList section */
		7F1EC8FF1C75EB6B00B3945C /* Build configuration list for PBXProject "tic tac tejas" */ = {
			isa = XCConfigurationList;
			buildConfigurations = (
				7F1EC91C1C75EB6B00B3945C /* Debug */,
				7F1EC91D1C75EB6B00B3945C /* Release */,
			);
			defaultConfigurationIsVisible = 0;
			defaultConfigurationName = Release;
		};
		7F1EC91E1C75EB6B00B3945C /* Build configuration list for PBXNativeTarget "tic tac tejas" */ = {
			isa = XCConfigurationList;
			buildConfigurations = (
				7F1EC91F1C75EB6B00B3945C /* Debug */,
				7F1EC9201C75EB6B00B3945C /* Release */,
			);
			defaultConfigurationIsVisible = 0;
			defaultConfigurationName = Release;
		};
/* End XCConfigurationList section */

/* Begin XCVersionGroup section */
		7F1EC9131C75EB6B00B3945C /* tic_tac_tejas.xcdatamodeld */ = {
			isa = XCVersionGroup;
			children = (
				7F1EC9141C75EB6B00B3945C /* tic_tac_tejas.xcdatamodel */,
			);
			currentVersion = 7F1EC9141C75EB6B00B3945C /* tic_tac_tejas.xcdatamodel */;
			path = tic_tac_tejas.xcdatamodeld;
			sourceTree = "<group>";
			versionGroupType = wrapper.xcdatamodel;
		};
/* End XCVersionGroup section */
	};
	rootObject = 7F1EC8FC1C75EB6B00B3945C /* Project object */;
}
